// !$*UTF8*$!
{
	archiveVersion = 1;
	classes = {
	};
	objectVersion = 46;
	objects = {

/* Begin PBXBuildFile section */
		172E9E5F1A85FB03005EB42E /* main.m in Sources */ = {isa = PBXBuildFile; fileRef = 172E9E5E1A85FB03005EB42E /* main.m */; };
		172E9E621A85FB04005EB42E /* AppDelegate.m in Sources */ = {isa = PBXBuildFile; fileRef = 172E9E611A85FB04005EB42E /* AppDelegate.m */; };
		172E9E651A85FB04005EB42E /* ViewController.m in Sources */ = {isa = PBXBuildFile; fileRef = 172E9E641A85FB04005EB42E /* ViewController.m */; };
		172E9E681A85FB04005EB42E /* Main.storyboard in Resources */ = {isa = PBXBuildFile; fileRef = 172E9E661A85FB04005EB42E /* Main.storyboard */; };
		172E9E6A1A85FB04005EB42E /* Images.xcassets in Resources */ = {isa = PBXBuildFile; fileRef = 172E9E691A85FB04005EB42E /* Images.xcassets */; };
		172E9E6D1A85FB04005EB42E /* LaunchScreen.xib in Resources */ = {isa = PBXBuildFile; fileRef = 172E9E6B1A85FB04005EB42E /* LaunchScreen.xib */; };
		172E9E791A85FB04005EB42E /* loveTests.m in Sources */ = {isa = PBXBuildFile; fileRef = 172E9E781A85FB04005EB42E /* loveTests.m */; };
/* End PBXBuildFile section */

/* Begin PBXContainerItemProxy section */
		172E9E731A85FB04005EB42E /* PBXContainerItemProxy */ = {
			isa = PBXContainerItemProxy;
			containerPortal = 172E9E511A85FB03005EB42E /* Project object */;
			proxyType = 1;
			remoteGlobalIDString = 172E9E581A85FB03005EB42E;
			remoteInfo = love;
		};
/* End PBXContainerItemProxy section */

/* Begin PBXFileReference section */
		172E9E591A85FB03005EB42E /* love.app */ = {isa = PBXFileReference; explicitFileType = wrapper.application; includeInIndex = 0; path = love.app; sourceTree = BUILT_PRODUCTS_DIR; };
		172E9E5D1A85FB03005EB42E /* Info.plist */ = {isa = PBXFileReference; lastKnownFileType = text.plist.xml; path = Info.plist; sourceTree = "<group>"; };
		172E9E5E1A85FB03005EB42E /* main.m */ = {isa = PBXFileReference; lastKnownFileType = sourcecode.c.objc; path = main.m; sourceTree = "<group>"; };
		172E9E601A85FB04005EB42E /* AppDelegate.h */ = {isa = PBXFileReference; lastKnownFileType = sourcecode.c.h; path = AppDelegate.h; sourceTree = "<group>"; };
		172E9E611A85FB04005EB42E /* AppDelegate.m */ = {isa = PBXFileReference; lastKnownFileType = sourcecode.c.objc; path = AppDelegate.m; sourceTree = "<group>"; };
		172E9E631A85FB04005EB42E /* ViewController.h */ = {isa = PBXFileReference; lastKnownFileType = sourcecode.c.h; path = ViewController.h; sourceTree = "<group>"; };
		172E9E641A85FB04005EB42E /* ViewController.m */ = {isa = PBXFileReference; lastKnownFileType = sourcecode.c.objc; path = ViewController.m; sourceTree = "<group>"; };
		172E9E671A85FB04005EB42E /* Base */ = {isa = PBXFileReference; lastKnownFileType = file.storyboard; name = Base; path = Base.lproj/Main.storyboard; sourceTree = "<group>"; };
		172E9E691A85FB04005EB42E /* Images.xcassets */ = {isa = PBXFileReference; lastKnownFileType = folder.assetcatalog; path = Images.xcassets; sourceTree = "<group>"; };
		172E9E6C1A85FB04005EB42E /* Base */ = {isa = PBXFileReference; lastKnownFileType = file.xib; name = Base; path = Base.lproj/LaunchScreen.xib; sourceTree = "<group>"; };
		172E9E721A85FB04005EB42E /* loveTests.xctest */ = {isa = PBXFileReference; explicitFileType = wrapper.cfbundle; includeInIndex = 0; path = loveTests.xctest; sourceTree = BUILT_PRODUCTS_DIR; };
		172E9E771A85FB04005EB42E /* Info.plist */ = {isa = PBXFileReference; lastKnownFileType = text.plist.xml; path = Info.plist; sourceTree = "<group>"; };
		172E9E781A85FB04005EB42E /* loveTests.m */ = {isa = PBXFileReference; lastKnownFileType = sourcecode.c.objc; path = loveTests.m; sourceTree = "<group>"; };
/* End PBXFileReference section */

/* Begin PBXFrameworksBuildPhase section */
		172E9E561A85FB03005EB42E /* Frameworks */ = {
			isa = PBXFrameworksBuildPhase;
			buildActionMask = 2147483647;
			files = (
			);
			runOnlyForDeploymentPostprocessing = 0;
		};
		172E9E6F1A85FB04005EB42E /* Frameworks */ = {
			isa = PBXFrameworksBuildPhase;
			buildActionMask = 2147483647;
			files = (
			);
			runOnlyForDeploymentPostprocessing = 0;
		};
/* End PBXFrameworksBuildPhase section */

/* Begin PBXGroup section */
		172E9E501A85FB03005EB42E = {
			isa = PBXGroup;
			children = (
				172E9E5B1A85FB03005EB42E /* love */,
				172E9E751A85FB04005EB42E /* loveTests */,
				172E9E5A1A85FB03005EB42E /* Products */,
			);
			sourceTree = "<group>";
		};
		172E9E5A1A85FB03005EB42E /* Products */ = {
			isa = PBXGroup;
			children = (
				172E9E591A85FB03005EB42E /* love.app */,
				172E9E721A85FB04005EB42E /* loveTests.xctest */,
			);
			name = Products;
			sourceTree = "<group>";
		};
		172E9E5B1A85FB03005EB42E /* love */ = {
			isa = PBXGroup;
			children = (
				172E9E601A85FB04005EB42E /* AppDelegate.h */,
				172E9E611A85FB04005EB42E /* AppDelegate.m */,
				172E9E631A85FB04005EB42E /* ViewController.h */,
				172E9E641A85FB04005EB42E /* ViewController.m */,
				172E9E661A85FB04005EB42E /* Main.storyboard */,
				172E9E691A85FB04005EB42E /* Images.xcassets */,
				172E9E6B1A85FB04005EB42E /* LaunchScreen.xib */,
				172E9E5C1A85FB03005EB42E /* Supporting Files */,
			);
			path = love;
			sourceTree = "<group>";
		};
		172E9E5C1A85FB03005EB42E /* Supporting Files */ = {
			isa = PBXGroup;
			children = (
				172E9E5D1A85FB03005EB42E /* Info.plist */,
				172E9E5E1A85FB03005EB42E /* main.m */,
			);
			name = "Supporting Files";
			sourceTree = "<group>";
		};
		172E9E751A85FB04005EB42E /* loveTests */ = {
			isa = PBXGroup;
			children = (
				172E9E781A85FB04005EB42E /* loveTests.m */,
				172E9E761A85FB04005EB42E /* Supporting Files */,
			);
			path = loveTests;
			sourceTree = "<group>";
		};
		172E9E761A85FB04005EB42E /* Supporting Files */ = {
			isa = PBXGroup;
			children = (
				172E9E771A85FB04005EB42E /* Info.plist */,
			);
			name = "Supporting Files";
			sourceTree = "<group>";
		};
/* End PBXGroup section */

/* Begin PBXNativeTarget section */
		172E9E581A85FB03005EB42E /* love */ = {
			isa = PBXNativeTarget;
			buildConfigurationList = 172E9E7C1A85FB04005EB42E /* Build configuration list for PBXNativeTarget "love" */;
			buildPhases = (
				172E9E551A85FB03005EB42E /* Sources */,
				172E9E561A85FB03005EB42E /* Frameworks */,
				172E9E571A85FB03005EB42E /* Resources */,
			);
			buildRules = (
			);
			dependencies = (
			);
			name = love;
			productName = love;
			productReference = 172E9E591A85FB03005EB42E /* love.app */;
			productType = "com.apple.product-type.application";
		};
		172E9E711A85FB04005EB42E /* loveTests */ = {
			isa = PBXNativeTarget;
			buildConfigurationList = 172E9E7F1A85FB04005EB42E /* Build configuration list for PBXNativeTarget "loveTests" */;
			buildPhases = (
				172E9E6E1A85FB04005EB42E /* Sources */,
				172E9E6F1A85FB04005EB42E /* Frameworks */,
				172E9E701A85FB04005EB42E /* Resources */,
			);
			buildRules = (
			);
			dependencies = (
				172E9E741A85FB04005EB42E /* PBXTargetDependency */,
			);
			name = loveTests;
			productName = loveTests;
			productReference = 172E9E721A85FB04005EB42E /* loveTests.xctest */;
			productType = "com.apple.product-type.bundle.unit-test";
		};
/* End PBXNativeTarget section */

/* Begin PBXProject section */
		172E9E511A85FB03005EB42E /* Project object */ = {
			isa = PBXProject;
			attributes = {
				LastUpgradeCheck = 0610;
				ORGANIZATIONNAME = "Two Beards and Fro";
				TargetAttributes = {
					172E9E581A85FB03005EB42E = {
						CreatedOnToolsVersion = 6.1.1;
						SystemCapabilities = {
							com.apple.BackgroundModes = {
								enabled = 1;
							};
						};
					};
					172E9E711A85FB04005EB42E = {
						CreatedOnToolsVersion = 6.1.1;
						TestTargetID = 172E9E581A85FB03005EB42E;
					};
				};
			};
			buildConfigurationList = 172E9E541A85FB03005EB42E /* Build configuration list for PBXProject "love" */;
			compatibilityVersion = "Xcode 3.2";
			developmentRegion = English;
			hasScannedForEncodings = 0;
			knownRegions = (
				en,
				Base,
			);
			mainGroup = 172E9E501A85FB03005EB42E;
			productRefGroup = 172E9E5A1A85FB03005EB42E /* Products */;
			projectDirPath = "";
			projectRoot = "";
			targets = (
				172E9E581A85FB03005EB42E /* love */,
				172E9E711A85FB04005EB42E /* loveTests */,
			);
		};
/* End PBXProject section */

/* Begin PBXResourcesBuildPhase section */
		172E9E571A85FB03005EB42E /* Resources */ = {
			isa = PBXResourcesBuildPhase;
			buildActionMask = 2147483647;
			files = (
				172E9E681A85FB04005EB42E /* Main.storyboard in Resources */,
				172E9E6D1A85FB04005EB42E /* LaunchScreen.xib in Resources */,
				172E9E6A1A85FB04005EB42E /* Images.xcassets in Resources */,
			);
			runOnlyForDeploymentPostprocessing = 0;
		};
		172E9E701A85FB04005EB42E /* Resources */ = {
			isa = PBXResourcesBuildPhase;
			buildActionMask = 2147483647;
			files = (
			);
			runOnlyForDeploymentPostprocessing = 0;
		};
/* End PBXResourcesBuildPhase section */

/* Begin PBXSourcesBuildPhase section */
		172E9E551A85FB03005EB42E /* Sources */ = {
			isa = PBXSourcesBuildPhase;
			buildActionMask = 2147483647;
			files = (
				172E9E651A85FB04005EB42E /* ViewController.m in Sources */,
				172E9E621A85FB04005EB42E /* AppDelegate.m in Sources */,
				172E9E5F1A85FB03005EB42E /* main.m in Sources */,
			);
			runOnlyForDeploymentPostprocessing = 0;
		};
		172E9E6E1A85FB04005EB42E /* Sources */ = {
			isa = PBXSourcesBuildPhase;
			buildActionMask = 2147483647;
			files = (
				172E9E791A85FB04005EB42E /* loveTests.m in Sources */,
			);
			runOnlyForDeploymentPostprocessing = 0;
		};
/* End PBXSourcesBuildPhase section */

/* Begin PBXTargetDependency section */
		172E9E741A85FB04005EB42E /* PBXTargetDependency */ = {
			isa = PBXTargetDependency;
			target = 172E9E581A85FB03005EB42E /* love */;
			targetProxy = 172E9E731A85FB04005EB42E /* PBXContainerItemProxy */;
		};
/* End PBXTargetDependency section */

/* Begin PBXVariantGroup section */
		172E9E661A85FB04005EB42E /* Main.storyboard */ = {
			isa = PBXVariantGroup;
			children = (
				172E9E671A85FB04005EB42E /* Base */,
			);
			name = Main.storyboard;
			sourceTree = "<group>";
		};
		172E9E6B1A85FB04005EB42E /* LaunchScreen.xib */ = {
			isa = PBXVariantGroup;
			children = (
				172E9E6C1A85FB04005EB42E /* Base */,
			);
			name = LaunchScreen.xib;
			sourceTree = "<group>";
		};
/* End PBXVariantGroup section */

/* Begin XCBuildConfiguration section */
		172E9E7A1A85FB04005EB42E /* Debug */ = {
			isa = XCBuildConfiguration;
			buildSettings = {
				ALWAYS_SEARCH_USER_PATHS = NO;
				CLANG_CXX_LANGUAGE_STANDARD = "gnu++0x";
				CLANG_CXX_LIBRARY = "libc++";
				CLANG_ENABLE_MODULES = YES;
				CLANG_ENABLE_OBJC_ARC = YES;
				CLANG_WARN_BOOL_CONVERSION = YES;
				CLANG_WARN_CONSTANT_CONVERSION = YES;
				CLANG_WARN_DIRECT_OBJC_ISA_USAGE = YES_ERROR;
				CLANG_WARN_EMPTY_BODY = YES;
				CLANG_WARN_ENUM_CONVERSION = YES;
				CLANG_WARN_INT_CONVERSION = YES;
				CLANG_WARN_OBJC_ROOT_CLASS = YES_ERROR;
				CLANG_WARN_UNREACHABLE_CODE = YES;
				CLANG_WARN__DUPLICATE_METHOD_MATCH = YES;
				"CODE_SIGN_IDENTITY[sdk=iphoneos*]" = "iPhone Developer";
				COPY_PHASE_STRIP = NO;
				ENABLE_STRICT_OBJC_MSGSEND = YES;
				GCC_C_LANGUAGE_STANDARD = gnu99;
				GCC_DYNAMIC_NO_PIC = NO;
				GCC_OPTIMIZATION_LEVEL = 0;
				GCC_PREPROCESSOR_DEFINITIONS = (
					"DEBUG=1",
					"$(inherited)",
				);
				GCC_SYMBOLS_PRIVATE_EXTERN = NO;
				GCC_WARN_64_TO_32_BIT_CONVERSION = YES;
				GCC_WARN_ABOUT_RETURN_TYPE = YES_ERROR;
				GCC_WARN_UNDECLARED_SELECTOR = YES;
				GCC_WARN_UNINITIALIZED_AUTOS = YES_AGGRESSIVE;
				GCC_WARN_UNUSED_FUNCTION = YES;
				GCC_WARN_UNUSED_VARIABLE = YES;
				IPHONEOS_DEPLOYMENT_TARGET = 8.1;
				MTL_ENABLE_DEBUG_INFO = YES;
				ONLY_ACTIVE_ARCH = YES;
				SDKROOT = iphoneos;
			};
			name = Debug;
		};
		172E9E7B1A85FB04005EB42E /* Release */ = {
			isa = XCBuildConfiguration;
			buildSettings = {
				ALWAYS_SEARCH_USER_PATHS = NO;
				CLANG_CXX_LANGUAGE_STANDARD = "gnu++0x";
				CLANG_CXX_LIBRARY = "libc++";
				CLANG_ENABLE_MODULES = YES;
				CLANG_ENABLE_OBJC_ARC = YES;
				CLANG_WARN_BOOL_CONVERSION = YES;
				CLANG_WARN_CONSTANT_CONVERSION = YES;
				CLANG_WARN_DIRECT_OBJC_ISA_USAGE = YES_ERROR;
				CLANG_WARN_EMPTY_BODY = YES;
				CLANG_WARN_ENUM_CONVERSION = YES;
				CLANG_WARN_INT_CONVERSION = YES;
				CLANG_WARN_OBJC_ROOT_CLASS = YES_ERROR;
				CLANG_WARN_UNREACHABLE_CODE = YES;
				CLANG_WARN__DUPLICATE_METHOD_MATCH = YES;
				"CODE_SIGN_IDENTITY[sdk=iphoneos*]" = "iPhone Developer";
				COPY_PHASE_STRIP = YES;
				ENABLE_NS_ASSERTIONS = NO;
				ENABLE_STRICT_OBJC_MSGSEND = YES;
				GCC_C_LANGUAGE_STANDARD = gnu99;
				GCC_WARN_64_TO_32_BIT_CONVERSION = YES;
				GCC_WARN_ABOUT_RETURN_TYPE = YES_ERROR;
				GCC_WARN_UNDECLARED_SELECTOR = YES;
				GCC_WARN_UNINITIALIZED_AUTOS = YES_AGGRESSIVE;
				GCC_WARN_UNUSED_FUNCTION = YES;
				GCC_WARN_UNUSED_VARIABLE = YES;
				IPHONEOS_DEPLOYMENT_TARGET = 8.1;
				MTL_ENABLE_DEBUG_INFO = NO;
				SDKROOT = iphoneos;
				VALIDATE_PRODUCT = YES;
			};
			name = Release;
		};
		172E9E7D1A85FB04005EB42E /* Debug */ = {
			isa = XCBuildConfiguration;
			buildSettings = {
				ASSETCATALOG_COMPILER_APPICON_NAME = AppIcon;
				INFOPLIST_FILE = love/Info.plist;
				LD_RUNPATH_SEARCH_PATHS = "$(inherited) @executable_path/Frameworks";
				PRODUCT_NAME = "$(TARGET_NAME)";
			};
			name = Debug;
		};
		172E9E7E1A85FB04005EB42E /* Release */ = {
			isa = XCBuildConfiguration;
			buildSettings = {
				ASSETCATALOG_COMPILER_APPICON_NAME = AppIcon;
				INFOPLIST_FILE = love/Info.plist;
				LD_RUNPATH_SEARCH_PATHS = "$(inherited) @executable_path/Frameworks";
				PRODUCT_NAME = "$(TARGET_NAME)";
			};
			name = Release;
		};
		172E9E801A85FB04005EB42E /* Debug */ = {
			isa = XCBuildConfiguration;
			buildSettings = {
				BUNDLE_LOADER = "$(TEST_HOST)";
				FRAMEWORK_SEARCH_PATHS = (
					"$(SDKROOT)/Developer/Library/Frameworks",
					"$(inherited)",
				);
				GCC_PREPROCESSOR_DEFINITIONS = (
					"DEBUG=1",
					"$(inherited)",
				);
				INFOPLIST_FILE = loveTests/Info.plist;
				LD_RUNPATH_SEARCH_PATHS = "$(inherited) @executable_path/Frameworks @loader_path/Frameworks";
				PRODUCT_NAME = "$(TARGET_NAME)";
				TEST_HOST = "$(BUILT_PRODUCTS_DIR)/love.app/love";
			};
			name = Debug;
		};
		172E9E811A85FB04005EB42E /* Release */ = {
			isa = XCBuildConfiguration;
			buildSettings = {
				BUNDLE_LOADER = "$(TEST_HOST)";
				FRAMEWORK_SEARCH_PATHS = (
					"$(SDKROOT)/Developer/Library/Frameworks",
					"$(inherited)",
				);
				INFOPLIST_FILE = loveTests/Info.plist;
				LD_RUNPATH_SEARCH_PATHS = "$(inherited) @executable_path/Frameworks @loader_path/Frameworks";
				PRODUCT_NAME = "$(TARGET_NAME)";
				TEST_HOST = "$(BUILT_PRODUCTS_DIR)/love.app/love";
			};
			name = Release;
		};
/* End XCBuildConfiguration section */

/* Begin XCConfigurationList section */
		172E9E541A85FB03005EB42E /* Build configuration list for PBXProject "love" */ = {
			isa = XCConfigurationList;
			buildConfigurations = (
				172E9E7A1A85FB04005EB42E /* Debug */,
				172E9E7B1A85FB04005EB42E /* Release */,
			);
			defaultConfigurationIsVisible = 0;
			defaultConfigurationName = Release;
		};
		172E9E7C1A85FB04005EB42E /* Build configuration list for PBXNativeTarget "love" */ = {
			isa = XCConfigurationList;
			buildConfigurations = (
				172E9E7D1A85FB04005EB42E /* Debug */,
				172E9E7E1A85FB04005EB42E /* Release */,
			);
			defaultConfigurationIsVisible = 0;
		};
		172E9E7F1A85FB04005EB42E /* Build configuration list for PBXNativeTarget "loveTests" */ = {
			isa = XCConfigurationList;
			buildConfigurations = (
				172E9E801A85FB04005EB42E /* Debug */,
				172E9E811A85FB04005EB42E /* Release */,
			);
			defaultConfigurationIsVisible = 0;
		};
/* End XCConfigurationList section */
	};
	rootObject = 172E9E511A85FB03005EB42E /* Project object */;
}
